{
  "name": "@rgba-image/lanczos",
  "version": "0.1.0",
  "lockfileVersion": 1,
  "requires": true,
  "dependencies": {
    "@rgba-image/common": {
      "version": "0.1.0",
      "resolved": "https://registry.npmjs.org/@rgba-image/common/-/common-0.1.0.tgz",
      "integrity": "sha512-6PfE6IdNmGh+9WbbUsyFXv4MCOfR3hLkPnhwiKokhTDk36WSYSld1IkLBHQCOHSePRV8kSb7G1qYAy46jDMuHg=="
    },
    "@rgba-image/copy": {
      "version": "0.1.2",
      "resolved": "https://registry.npmjs.org/@rgba-image/copy/-/copy-0.1.2.tgz",
      "integrity": "sha512-N1t4aw0lvvGSToyoy6IgYOEEDDGEgFCL1ZP8PNfcT9f0EjmXBD+AbrJhMy4gTyq7kcxpQM3vO1fKXl0qGMUyEA==",
      "requires": {
        "@rgba-image/common": "^0.1.0"
      }
    },
    "@rgba-image/create-image": {
      "version": "0.1.1",
      "resolved": "https://registry.npmjs.org/@rgba-image/create-image/-/create-image-0.1.1.tgz",
      "integrity": "sha512-ndExUNyi9Ooa/OZqiJS53vYrQ48FX7MDmMrEslDxhsorDsXpeKI9w689r4AYhT9CF9KZlBe8SmI++3BwSvvwAQ==",
      "dev": true,
      "requires": {
        "@rgba-image/common": "^0.1.0"
      }
    },
    "@rgba-image/png": {
      "version": "0.1.0",
      "resolved": "https://registry.npmjs.org/@rgba-image/png/-/png-0.1.0.tgz",
      "integrity": "sha512-GJQxNHwygPBuC1J5rtZvZjWMVs+mmHkEFRvIUjwnJQ69hbSe0zrG5TNgakzG+hIREyDpHqHdsSs7RmzbaKKlxg==",
      "dev": true,
      "requires": {
        "@rgba-image/common": "^0.1.0",
        "@rgba-image/create-image": "^0.1.1",
        "pngjs": "^3.3.3"
      }
    },
    "@types/mocha": {
      "version": "5.2.5",
      "resolved": "https://registry.npmjs.org/@types/mocha/-/mocha-5.2.5.tgz",
      "integrity": "sha512-lAVp+Kj54ui/vLUFxsJTMtWvZraZxum3w3Nwkble2dNuV5VnPA+Mi2oGX9XYJAaIvZi3tn3cbjS/qcJXRb6Bww==",
      "dev": true
    },
    "@types/node": {
      "version": "10.12.2",
      "resolved": "https://registry.npmjs.org/@types/node/-/node-10.12.2.tgz",
      "integrity": "sha512-53ElVDSnZeFUUFIYzI8WLQ25IhWzb6vbddNp8UHlXQyU0ET2RhV5zg0NfubzU7iNMh5bBXb0htCzfvrSVNgzaQ==",
      "dev": true
    },
    "pngjs": {
      "version": "3.3.3",
      "resolved": "https://registry.npmjs.org/pngjs/-/pngjs-3.3.3.tgz",
      "integrity": "sha512-1n3Z4p3IOxArEs1VRXnZ/RXdfEniAUS9jb68g58FIXMNkPJeZd+Qh4Uq7/e0LVxAQGos1eIUrqrt4FpjdnEd+Q==",
      "dev": true
    }
  }
}
